// !$*UTF8*$!
{
	archiveVersion = 1;
	classes = {
	};
	objectVersion = 55;
	objects = {

/* Begin PBXBuildFile section */
		C7B168B32950015100EB26E8 /* ExampleApp.swift in Sources */ = {isa = PBXBuildFile; fileRef = C7B168B22950015100EB26E8 /* ExampleApp.swift */; };
		C7B168B52950015100EB26E8 /* ContentView.swift in Sources */ = {isa = PBXBuildFile; fileRef = C7B168B42950015100EB26E8 /* ContentView.swift */; };
		C7B168B72950015400EB26E8 /* Assets.xcassets in Resources */ = {isa = PBXBuildFile; fileRef = C7B168B62950015400EB26E8 /* Assets.xcassets */; };
		C7B168BA2950015400EB26E8 /* Preview Assets.xcassets in Resources */ = {isa = PBXBuildFile; fileRef = C7B168B92950015400EB26E8 /* Preview Assets.xcassets */; };
		C7B168C2295002D500EB26E8 /* NavView.swift in Sources */ = {isa = PBXBuildFile; fileRef = C7B168C1295002D500EB26E8 /* NavView.swift */; };
		C7B168C6295003FD00EB26E8 /* MainView.swift in Sources */ = {isa = PBXBuildFile; fileRef = C7B168C5295003FD00EB26E8 /* MainView.swift */; };
		C7B168CA295021C500EB26E8 /* Any2View.swift in Sources */ = {isa = PBXBuildFile; fileRef = C7B168C9295021C500EB26E8 /* Any2View.swift */; };
		C7B168CC295021D200EB26E8 /* Any1View.swift in Sources */ = {isa = PBXBuildFile; fileRef = C7B168CB295021D200EB26E8 /* Any1View.swift */; };
		C7B168CF295024CB00EB26E8 /* MenuView.swift in Sources */ = {isa = PBXBuildFile; fileRef = C7B168CE295024CB00EB26E8 /* MenuView.swift */; };
		C7B168D8295026D800EB26E8 /* NavModel.swift in Sources */ = {isa = PBXBuildFile; fileRef = C7B168D7295026D800EB26E8 /* NavModel.swift */; };
/* End PBXBuildFile section */

/* Begin PBXFileReference section */
		C7B168AF2950015100EB26E8 /* Example.app */ = {isa = PBXFileReference; explicitFileType = wrapper.application; includeInIndex = 0; path = Example.app; sourceTree = BUILT_PRODUCTS_DIR; };
		C7B168B22950015100EB26E8 /* ExampleApp.swift */ = {isa = PBXFileReference; lastKnownFileType = sourcecode.swift; path = ExampleApp.swift; sourceTree = "<group>"; };
		C7B168B42950015100EB26E8 /* ContentView.swift */ = {isa = PBXFileReference; lastKnownFileType = sourcecode.swift; path = ContentView.swift; sourceTree = "<group>"; };
		C7B168B62950015400EB26E8 /* Assets.xcassets */ = {isa = PBXFileReference; lastKnownFileType = folder.assetcatalog; path = Assets.xcassets; sourceTree = "<group>"; };
		C7B168B92950015400EB26E8 /* Preview Assets.xcassets */ = {isa = PBXFileReference; lastKnownFileType = folder.assetcatalog; path = "Preview Assets.xcassets"; sourceTree = "<group>"; };
		C7B168C1295002D500EB26E8 /* NavView.swift */ = {isa = PBXFileReference; lastKnownFileType = sourcecode.swift; path = NavView.swift; sourceTree = "<group>"; };
		C7B168C5295003FD00EB26E8 /* MainView.swift */ = {isa = PBXFileReference; lastKnownFileType = sourcecode.swift; path = MainView.swift; sourceTree = "<group>"; };
		C7B168C9295021C500EB26E8 /* Any2View.swift */ = {isa = PBXFileReference; lastKnownFileType = sourcecode.swift; path = Any2View.swift; sourceTree = "<group>"; };
		C7B168CB295021D200EB26E8 /* Any1View.swift */ = {isa = PBXFileReference; lastKnownFileType = sourcecode.swift; path = Any1View.swift; sourceTree = "<group>"; };
		C7B168CE295024CB00EB26E8 /* MenuView.swift */ = {isa = PBXFileReference; lastKnownFileType = sourcecode.swift; path = MenuView.swift; sourceTree = "<group>"; };
		C7B168D7295026D800EB26E8 /* NavModel.swift */ = {isa = PBXFileReference; lastKnownFileType = sourcecode.swift; path = NavModel.swift; sourceTree = "<group>"; };
/* End PBXFileReference section */

/* Begin PBXFrameworksBuildPhase section */
		C7B168AC2950015100EB26E8 /* Frameworks */ = {
			isa = PBXFrameworksBuildPhase;
			buildActionMask = 2147483647;
			files = (
			);
			runOnlyForDeploymentPostprocessing = 0;
		};
/* End PBXFrameworksBuildPhase section */

/* Begin PBXGroup section */
		C7B168A62950015100EB26E8 = {
			isa = PBXGroup;
			children = (
				C7B168B12950015100EB26E8 /* Example */,
				C7B168B02950015100EB26E8 /* Products */,
			);
			sourceTree = "<group>";
		};
		C7B168B02950015100EB26E8 /* Products */ = {
			isa = PBXGroup;
			children = (
				C7B168AF2950015100EB26E8 /* Example.app */,
			);
			name = Products;
			sourceTree = "<group>";
		};
		C7B168B12950015100EB26E8 /* Example */ = {
			isa = PBXGroup;
			children = (
				C7B168D02950268E00EB26E8 /* common */,
				C7B168C02950028F00EB26E8 /* views */,
				C7B168B22950015100EB26E8 /* ExampleApp.swift */,
				C7B168B42950015100EB26E8 /* ContentView.swift */,
				C7B168B62950015400EB26E8 /* Assets.xcassets */,
				C7B168B82950015400EB26E8 /* Preview Content */,
			);
			path = Example;
			sourceTree = "<group>";
		};
		C7B168B82950015400EB26E8 /* Preview Content */ = {
			isa = PBXGroup;
			children = (
				C7B168B92950015400EB26E8 /* Preview Assets.xcassets */,
			);
			path = "Preview Content";
			sourceTree = "<group>";
		};
		C7B168C02950028F00EB26E8 /* views */ = {
			isa = PBXGroup;
			children = (
				C7B168CD295024BD00EB26E8 /* menu */,
				C7B168C8295021B800EB26E8 /* any2 */,
				C7B168C7295021B400EB26E8 /* any1 */,
				C7B168C4295003E200EB26E8 /* nav */,
				C7B168C3295003DA00EB26E8 /* main */,
			);
			path = views;
			sourceTree = "<group>";
		};
		C7B168C3295003DA00EB26E8 /* main */ = {
			isa = PBXGroup;
			children = (
				C7B168C1295002D500EB26E8 /* NavView.swift */,
			);
			path = main;
			sourceTree = "<group>";
		};
		C7B168C4295003E200EB26E8 /* nav */ = {
			isa = PBXGroup;
			children = (
				C7B168C5295003FD00EB26E8 /* MainView.swift */,
			);
			path = nav;
			sourceTree = "<group>";
		};
		C7B168C7295021B400EB26E8 /* any1 */ = {
			isa = PBXGroup;
			children = (
				C7B168CB295021D200EB26E8 /* Any1View.swift */,
			);
			path = any1;
			sourceTree = "<group>";
		};
		C7B168C8295021B800EB26E8 /* any2 */ = {
			isa = PBXGroup;
			children = (
				C7B168C9295021C500EB26E8 /* Any2View.swift */,
			);
			path = any2;
			sourceTree = "<group>";
		};
		C7B168CD295024BD00EB26E8 /* menu */ = {
			isa = PBXGroup;
			children = (
				C7B168CE295024CB00EB26E8 /* MenuView.swift */,
			);
			path = menu;
			sourceTree = "<group>";
		};
		C7B168D02950268E00EB26E8 /* common */ = {
			isa = PBXGroup;
			children = (
				C7B168D12950269800EB26E8 /* data */,
			);
			path = common;
			sourceTree = "<group>";
		};
		C7B168D12950269800EB26E8 /* data */ = {
			isa = PBXGroup;
			children = (
				C7B168D6295026B600EB26E8 /* model */,
				C7B168D5295026B200EB26E8 /* nav */,
				C7B168D4295026AC00EB26E8 /* request */,
				C7B168D3295026A600EB26E8 /* response */,
				C7B168D22950269C00EB26E8 /* page */,
			);
			path = data;
			sourceTree = "<group>";
		};
		C7B168D22950269C00EB26E8 /* page */ = {
			isa = PBXGroup;
			children = (
			);
			path = page;
			sourceTree = "<group>";
		};
		C7B168D3295026A600EB26E8 /* response */ = {
			isa = PBXGroup;
			children = (
			);
			path = response;
			sourceTree = "<group>";
		};
		C7B168D4295026AC00EB26E8 /* request */ = {
			isa = PBXGroup;
			children = (
			);
			path = request;
			sourceTree = "<group>";
		};
		C7B168D5295026B200EB26E8 /* nav */ = {
			isa = PBXGroup;
			children = (
				C7B168D7295026D800EB26E8 /* NavModel.swift */,
			);
			path = nav;
			sourceTree = "<group>";
		};
		C7B168D6295026B600EB26E8 /* model */ = {
			isa = PBXGroup;
			children = (
			);
			path = model;
			sourceTree = "<group>";
		};
/* End PBXGroup section */

/* Begin PBXNativeTarget section */
		C7B168AE2950015100EB26E8 /* Example */ = {
			isa = PBXNativeTarget;
			buildConfigurationList = C7B168BD2950015400EB26E8 /* Build configuration list for PBXNativeTarget "Example" */;
			buildPhases = (
				C7B168AB2950015100EB26E8 /* Sources */,
				C7B168AC2950015100EB26E8 /* Frameworks */,
				C7B168AD2950015100EB26E8 /* Resources */,
			);
			buildRules = (
			);
			dependencies = (
			);
			name = Example;
			productName = Example;
			productReference = C7B168AF2950015100EB26E8 /* Example.app */;
			productType = "com.apple.product-type.application";
		};
/* End PBXNativeTarget section */

/* Begin PBXProject section */
		C7B168A72950015100EB26E8 /* Project object */ = {
			isa = PBXProject;
			attributes = {
				BuildIndependentTargetsInParallel = 1;
				LastSwiftUpdateCheck = 1340;
				LastUpgradeCheck = 1340;
				TargetAttributes = {
					C7B168AE2950015100EB26E8 = {
						CreatedOnToolsVersion = 13.4.1;
					};
				};
			};
			buildConfigurationList = C7B168AA2950015100EB26E8 /* Build configuration list for PBXProject "Example" */;
			compatibilityVersion = "Xcode 13.0";
			developmentRegion = en;
			hasScannedForEncodings = 0;
			knownRegions = (
				en,
				Base,
			);
			mainGroup = C7B168A62950015100EB26E8;
			productRefGroup = C7B168B02950015100EB26E8 /* Products */;
			projectDirPath = "";
			projectRoot = "";
			targets = (
				C7B168AE2950015100EB26E8 /* Example */,
			);
		};
/* End PBXProject section */

/* Begin PBXResourcesBuildPhase section */
		C7B168AD2950015100EB26E8 /* Resources */ = {
			isa = PBXResourcesBuildPhase;
			buildActionMask = 2147483647;
			files = (
				C7B168BA2950015400EB26E8 /* Preview Assets.xcassets in Resources */,
				C7B168B72950015400EB26E8 /* Assets.xcassets in Resources */,
			);
			runOnlyForDeploymentPostprocessing = 0;
		};
/* End PBXResourcesBuildPhase section */

/* Begin PBXSourcesBuildPhase section */
		C7B168AB2950015100EB26E8 /* Sources */ = {
			isa = PBXSourcesBuildPhase;
			buildActionMask = 2147483647;
			files = (
				C7B168CF295024CB00EB26E8 /* MenuView.swift in Sources */,
				C7B168C2295002D500EB26E8 /* NavView.swift in Sources */,
				C7B168CA295021C500EB26E8 /* Any2View.swift in Sources */,
				C7B168C6295003FD00EB26E8 /* MainView.swift in Sources */,
				C7B168B52950015100EB26E8 /* ContentView.swift in Sources */,
				C7B168B32950015100EB26E8 /* ExampleApp.swift in Sources */,
				C7B168CC295021D200EB26E8 /* Any1View.swift in Sources */,
				C7B168D8295026D800EB26E8 /* NavModel.swift in Sources */,
			);
			runOnlyForDeploymentPostprocessing = 0;
		};
/* End PBXSourcesBuildPhase section */

/* Begin XCBuildConfiguration section */
		C7B168BB2950015400EB26E8 /* Debug */ = {
			isa = XCBuildConfiguration;
			buildSettings = {
				ALWAYS_SEARCH_USER_PATHS = NO;
				CLANG_ANALYZER_NONNULL = YES;
				CLANG_ANALYZER_NUMBER_OBJECT_CONVERSION = YES_AGGRESSIVE;
				CLANG_CXX_LANGUAGE_STANDARD = "gnu++17";
				CLANG_ENABLE_MODULES = YES;
				CLANG_ENABLE_OBJC_ARC = YES;
				CLANG_ENABLE_OBJC_WEAK = YES;
				CLANG_WARN_BLOCK_CAPTURE_AUTORELEASING = YES;
				CLANG_WARN_BOOL_CONVERSION = YES;
				CLANG_WARN_COMMA = YES;
				CLANG_WARN_CONSTANT_CONVERSION = YES;
				CLANG_WARN_DEPRECATED_OBJC_IMPLEMENTATIONS = YES;
				CLANG_WARN_DIRECT_OBJC_ISA_USAGE = YES_ERROR;
				CLANG_WARN_DOCUMENTATION_COMMENTS = YES;
				CLANG_WARN_EMPTY_BODY = YES;
				CLANG_WARN_ENUM_CONVERSION = YES;
				CLANG_WARN_INFINITE_RECURSION = YES;
				CLANG_WARN_INT_CONVERSION = YES;
				CLANG_WARN_NON_LITERAL_NULL_CONVERSION = YES;
				CLANG_WARN_OBJC_IMPLICIT_RETAIN_SELF = YES;
				CLANG_WARN_OBJC_LITERAL_CONVERSION = YES;
				CLANG_WARN_OBJC_ROOT_CLASS = YES_ERROR;
				CLANG_WARN_QUOTED_INCLUDE_IN_FRAMEWORK_HEADER = YES;
				CLANG_WARN_RANGE_LOOP_ANALYSIS = YES;
				CLANG_WARN_STRICT_PROTOTYPES = YES;
				CLANG_WARN_SUSPICIOUS_MOVE = YES;
				CLANG_WARN_UNGUARDED_AVAILABILITY = YES_AGGRESSIVE;
				CLANG_WARN_UNREACHABLE_CODE = YES;
				CLANG_WARN__DUPLICATE_METHOD_MATCH = YES;
				COPY_PHASE_STRIP = NO;
				DEBUG_INFORMATION_FORMAT = dwarf;
				ENABLE_STRICT_OBJC_MSGSEND = YES;
				ENABLE_TESTABILITY = YES;
				GCC_C_LANGUAGE_STANDARD = gnu11;
				GCC_DYNAMIC_NO_PIC = NO;
				GCC_NO_COMMON_BLOCKS = YES;
				GCC_OPTIMIZATION_LEVEL = 0;
				GCC_PREPROCESSOR_DEFINITIONS = (
					"DEBUG=1",
					"$(inherited)",
				);
				GCC_WARN_64_TO_32_BIT_CONVERSION = YES;
				GCC_WARN_ABOUT_RETURN_TYPE = YES_ERROR;
				GCC_WARN_UNDECLARED_SELECTOR = YES;
				GCC_WARN_UNINITIALIZED_AUTOS = YES_AGGRESSIVE;
				GCC_WARN_UNUSED_FUNCTION = YES;
				GCC_WARN_UNUSED_VARIABLE = YES;
				IPHONEOS_DEPLOYMENT_TARGET = 15.5;
				MTL_ENABLE_DEBUG_INFO = INCLUDE_SOURCE;
				MTL_FAST_MATH = YES;
				ONLY_ACTIVE_ARCH = YES;
				SDKROOT = iphoneos;
				SWIFT_ACTIVE_COMPILATION_CONDITIONS = DEBUG;
				SWIFT_OPTIMIZATION_LEVEL = "-Onone";
			};
			name = Debug;
		};
		C7B168BC2950015400EB26E8 /* Release */ = {
			isa = XCBuildConfiguration;
			buildSettings = {
				ALWAYS_SEARCH_USER_PATHS = NO;
				CLANG_ANALYZER_NONNULL = YES;
				CLANG_ANALYZER_NUMBER_OBJECT_CONVERSION = YES_AGGRESSIVE;
				CLANG_CXX_LANGUAGE_STANDARD = "gnu++17";
				CLANG_ENABLE_MODULES = YES;
				CLANG_ENABLE_OBJC_ARC = YES;
				CLANG_ENABLE_OBJC_WEAK = YES;
				CLANG_WARN_BLOCK_CAPTURE_AUTORELEASING = YES;
				CLANG_WARN_BOOL_CONVERSION = YES;
				CLANG_WARN_COMMA = YES;
				CLANG_WARN_CONSTANT_CONVERSION = YES;
				CLANG_WARN_DEPRECATED_OBJC_IMPLEMENTATIONS = YES;
				CLANG_WARN_DIRECT_OBJC_ISA_USAGE = YES_ERROR;
				CLANG_WARN_DOCUMENTATION_COMMENTS = YES;
				CLANG_WARN_EMPTY_BODY = YES;
				CLANG_WARN_ENUM_CONVERSION = YES;
				CLANG_WARN_INFINITE_RECURSION = YES;
				CLANG_WARN_INT_CONVERSION = YES;
				CLANG_WARN_NON_LITERAL_NULL_CONVERSION = YES;
				CLANG_WARN_OBJC_IMPLICIT_RETAIN_SELF = YES;
				CLANG_WARN_OBJC_LITERAL_CONVERSION = YES;
				CLANG_WARN_OBJC_ROOT_CLASS = YES_ERROR;
				CLANG_WARN_QUOTED_INCLUDE_IN_FRAMEWORK_HEADER = YES;
				CLANG_WARN_RANGE_LOOP_ANALYSIS = YES;
				CLANG_WARN_STRICT_PROTOTYPES = YES;
				CLANG_WARN_SUSPICIOUS_MOVE = YES;
				CLANG_WARN_UNGUARDED_AVAILABILITY = YES_AGGRESSIVE;
				CLANG_WARN_UNREACHABLE_CODE = YES;
				CLANG_WARN__DUPLICATE_METHOD_MATCH = YES;
				COPY_PHASE_STRIP = NO;
				DEBUG_INFORMATION_FORMAT = "dwarf-with-dsym";
				ENABLE_NS_ASSERTIONS = NO;
				ENABLE_STRICT_OBJC_MSGSEND = YES;
				GCC_C_LANGUAGE_STANDARD = gnu11;
				GCC_NO_COMMON_BLOCKS = YES;
				GCC_WARN_64_TO_32_BIT_CONVERSION = YES;
				GCC_WARN_ABOUT_RETURN_TYPE = YES_ERROR;
				GCC_WARN_UNDECLARED_SELECTOR = YES;
				GCC_WARN_UNINITIALIZED_AUTOS = YES_AGGRESSIVE;
				GCC_WARN_UNUSED_FUNCTION = YES;
				GCC_WARN_UNUSED_VARIABLE = YES;
				IPHONEOS_DEPLOYMENT_TARGET = 15.5;
				MTL_ENABLE_DEBUG_INFO = NO;
				MTL_FAST_MATH = YES;
				SDKROOT = iphoneos;
				SWIFT_COMPILATION_MODE = wholemodule;
				SWIFT_OPTIMIZATION_LEVEL = "-O";
				VALIDATE_PRODUCT = YES;
			};
			name = Release;
		};
		C7B168BE2950015400EB26E8 /* Debug */ = {
			isa = XCBuildConfiguration;
			buildSettings = {
				ASSETCATALOG_COMPILER_APPICON_NAME = AppIcon;
				ASSETCATALOG_COMPILER_GLOBAL_ACCENT_COLOR_NAME = AccentColor;
				CODE_SIGN_STYLE = Automatic;
				CURRENT_PROJECT_VERSION = 1;
				DEVELOPMENT_ASSET_PATHS = "\"Example/Preview Content\"";
				ENABLE_PREVIEWS = YES;
				GENERATE_INFOPLIST_FILE = YES;
				INFOPLIST_KEY_UIApplicationSceneManifest_Generation = YES;
				INFOPLIST_KEY_UIApplicationSupportsIndirectInputEvents = YES;
				INFOPLIST_KEY_UILaunchScreen_Generation = YES;
				INFOPLIST_KEY_UISupportedInterfaceOrientations_iPad = "UIInterfaceOrientationPortrait UIInterfaceOrientationPortraitUpsideDown UIInterfaceOrientationLandscapeLeft UIInterfaceOrientationLandscapeRight";
				INFOPLIST_KEY_UISupportedInterfaceOrientations_iPhone = "UIInterfaceOrientationPortrait UIInterfaceOrientationLandscapeLeft UIInterfaceOrientationLandscapeRight";
				LD_RUNPATH_SEARCH_PATHS = (
					"$(inherited)",
					"@executable_path/Frameworks",
				);
				MARKETING_VERSION = 1.0;
				PRODUCT_BUNDLE_IDENTIFIER = com.base.Example;
				PRODUCT_NAME = "$(TARGET_NAME)";
				SWIFT_EMIT_LOC_STRINGS = YES;
				SWIFT_VERSION = 5.0;
				TARGETED_DEVICE_FAMILY = "1,2";
			};
			name = Debug;
		};
		C7B168BF2950015400EB26E8 /* Release */ = {
			isa = XCBuildConfiguration;
			buildSettings = {
				ASSETCATALOG_COMPILER_APPICON_NAME = AppIcon;
				ASSETCATALOG_COMPILER_GLOBAL_ACCENT_COLOR_NAME = AccentColor;
				CODE_SIGN_STYLE = Automatic;
				CURRENT_PROJECT_VERSION = 1;
				DEVELOPMENT_ASSET_PATHS = "\"Example/Preview Content\"";
				ENABLE_PREVIEWS = YES;
				GENERATE_INFOPLIST_FILE = YES;
				INFOPLIST_KEY_UIApplicationSceneManifest_Generation = YES;
				INFOPLIST_KEY_UIApplicationSupportsIndirectInputEvents = YES;
				INFOPLIST_KEY_UILaunchScreen_Generation = YES;
				INFOPLIST_KEY_UISupportedInterfaceOrientations_iPad = "UIInterfaceOrientationPortrait UIInterfaceOrientationPortraitUpsideDown UIInterfaceOrientationLandscapeLeft UIInterfaceOrientationLandscapeRight";
				INFOPLIST_KEY_UISupportedInterfaceOrientations_iPhone = "UIInterfaceOrientationPortrait UIInterfaceOrientationLandscapeLeft UIInterfaceOrientationLandscapeRight";
				LD_RUNPATH_SEARCH_PATHS = (
					"$(inherited)",
					"@executable_path/Frameworks",
				);
				MARKETING_VERSION = 1.0;
				PRODUCT_BUNDLE_IDENTIFIER = com.base.Example;
				PRODUCT_NAME = "$(TARGET_NAME)";
				SWIFT_EMIT_LOC_STRINGS = YES;
				SWIFT_VERSION = 5.0;
				TARGETED_DEVICE_FAMILY = "1,2";
			};
			name = Release;
		};
/* End XCBuildConfiguration section */

/* Begin XCConfigurationList section */
		C7B168AA2950015100EB26E8 /* Build configuration list for PBXProject "Example" */ = {
			isa = XCConfigurationList;
			buildConfigurations = (
				C7B168BB2950015400EB26E8 /* Debug */,
				C7B168BC2950015400EB26E8 /* Release */,
			);
			defaultConfigurationIsVisible = 0;
			defaultConfigurationName = Release;
		};
		C7B168BD2950015400EB26E8 /* Build configuration list for PBXNativeTarget "Example" */ = {
			isa = XCConfigurationList;
			buildConfigurations = (
				C7B168BE2950015400EB26E8 /* Debug */,
				C7B168BF2950015400EB26E8 /* Release */,
			);
			defaultConfigurationIsVisible = 0;
			defaultConfigurationName = Release;
		};
/* End XCConfigurationList section */
	};
	rootObject = C7B168A72950015100EB26E8 /* Project object */;
}
